{
  "nodes": {
    "gen-graph": {
      "inputs": {
        "gen-prelude": "gen-prelude"
      },
      "locked": {
        "lastModified": 1789931652,
        "narHash": "sha256-TIfEi027xyWQsF/4SHtu/wETg50p/4J2Ewl0zwTr1oc=",
        "owner": "sini",
        "repo": "gen-graph",
        "rev": "ac1cba006dd847d20a7790fac5896705b7a21538",
        "type": "github"
      },
      "original": {
        "owner": "sini",
        "repo": "gen-graph",
        "type": "github"
      }
    },
    "gen-prelude": {
      "locked": {
        "lastModified": 1789782063,
        "narHash": "sha256-hYRKCMloFaUjDabC/7tamOIEz5wAfeW0RYDSQ0s8AQY=",
        "owner": "sini",
        "repo": "gen-prelude",
        "rev": "f90a89de42d113b0ade9833903ebc27961cce836",
        "type": "github"
      },
      "original": {
        "owner": "sini",
        "repo": "gen-prelude",
        "type": "github"
      }
    },
    "gen-prelude_2": {
      "locked": {
        "lastModified": 1789782063,
        "narHash": "sha256-hYRKCMloFaUjDabC/7tamOIEz5wAfeW0RYDSQ0s8AQY=",
        "owner": "sini",
        "repo": "gen-prelude",
        "rev": "f90a89de42d113b0ade9833903ebc27961cce836",
        "type": "github"
      },
      "original": {
        "owner": "sini",
        "repo": "gen-prelude",
        "type": "github"
      }
    },
    "root": {
      "inputs": {
        "gen-graph": "gen-graph",
        "gen-prelude": "gen-prelude_2"
      }
    }
  },
  "root": "root",
  "version": 7
}
